
Microsoft Visual Studio Solution File, Format Version 12.00
# Visual Studio Version 17
VisualStudioVersion = 17.1.32210.238
MinimumVisualStudioVersion = 10.0.40219.1
Project("{FAE04EC0-301F-11D3-BF4B-00C04F79EFBC}") = "WpfDragAndDrop", "WpfDragAndDrop.csproj", "{546357FB-F798-4462-82B5-CC57C771BBAB}"
EndProject
Project("{9A19103F-16F7-4668-BE54-9A1E7A4F7556}") = "WpfLib", "..\WpfLib\WpfLib.csproj", "{1D3B068F-3317-482A-A0FB-646C7A254854}"
EndProject
Global
	GlobalSection(SolutionConfigurationPlatforms) = preSolution
		Debug|Any CPU = Debug|Any CPU
		Release|Any CPU = Release|Any CPU
	EndGlobalSection
	GlobalSection(ProjectConfigurationPlatforms) = postSolution
		{546357FB-F798-4462-82B5-CC57C771BBAB}.Debug|Any CPU.ActiveCfg = Debug|Any CPU
		{546357FB-F798-4462-82B5-CC57C771BBAB}.Debug|Any CPU.Build.0 = Debug|Any CPU
		{546357FB-F798-4462-82B5-CC57C771BBAB}.Release|Any CPU.ActiveCfg = Release|Any CPU
		{546357FB-F798-4462-82B5-CC57C771BBAB}.Release|Any CPU.Build.0 = Release|Any CPU
		{1D3B068F-3317-482A-A0FB-646C7A254854}.Debug|Any CPU.ActiveCfg = Debug|Any CPU
		{1D3B068F-3317-482A-A0FB-646C7A254854}.Debug|Any CPU.Build.0 = Debug|Any CPU
		{1D3B068F-3317-482A-A0FB-646C7A254854}.Release|Any CPU.ActiveCfg = Release|Any CPU
		{1D3B068F-3317-482A-A0FB-646C7A254854}.Release|Any CPU.Build.0 = Release|Any CPU
	EndGlobalSection
	GlobalSection(SolutionProperties) = preSolution
		HideSolutionNode = FALSE
	EndGlobalSection
	GlobalSection(ExtensibilityGlobals) = postSolution
		SolutionGuid = {B4CAF70A-3369-4B1B-8141-BE8DE31D2A8F}
	EndGlobalSection
EndGlobal
